
Microsoft Visual Studio Solution File, Format Version 12.00
# Visual Studio Version 17
VisualStudioVersion = 17.6.33829.357
MinimumVisualStudioVersion = 10.0.40219.1
Project("{FAE04EC0-301F-11D3-BF4B-00C04F79EFBC}") = "TaskManager", "TaskManager\TaskManager.csproj", "{69C10E8F-D07B-4D48-A16E-6E602BFE82C3}"
EndProject
Global
	GlobalSection(SolutionConfigurationPlatforms) = preSolution
		Debug|Any CPU = Debug|Any CPU
		Release|Any CPU = Release|Any CPU
	EndGlobalSection
	GlobalSection(ProjectConfigurationPlatforms) = postSolution
		{69C10E8F-D07B-4D48-A16E-6E602BFE82C3}.Debug|Any CPU.ActiveCfg = Debug|Any CPU
		{69C10E8F-D07B-4D48-A16E-6E602BFE82C3}.Debug|Any CPU.Build.0 = Debug|Any CPU
		{69C10E8F-D07B-4D48-A16E-6E602BFE82C3}.Release|Any CPU.ActiveCfg = Release|Any CPU
		{69C10E8F-D07B-4D48-A16E-6E602BFE82C3}.Release|Any CPU.Build.0 = Release|Any CPU
	EndGlobalSection
	GlobalSection(SolutionProperties) = preSolution
		HideSolutionNode = FALSE
	EndGlobalSection
	GlobalSection(ExtensibilityGlobals) = postSolution
		SolutionGuid = {00B4BE70-6860-4895-8178-4F47490C9D0F}
	EndGlobalSection
EndGlobal
